
Microsoft Visual Studio Solution File, Format Version 12.00
# Visual Studio Version 17
VisualStudioVersion = 17.9.34607.119
MinimumVisualStudioVersion = 10.0.40219.1
Project("{FAE04EC0-301F-11D3-BF4B-00C04F79EFBC}") = "HF8", "HF8\HF8.csproj", "{69AA9076-4B06-4D6F-87C1-8418566D7B0D}"
EndProject
Global
	GlobalSection(SolutionConfigurationPlatforms) = preSolution
		Debug|Any CPU = Debug|Any CPU
		Release|Any CPU = Release|Any CPU
	EndGlobalSection
	GlobalSection(ProjectConfigurationPlatforms) = postSolution
		{69AA9076-4B06-4D6F-87C1-8418566D7B0D}.Debug|Any CPU.ActiveCfg = Debug|Any CPU
		{69AA9076-4B06-4D6F-87C1-8418566D7B0D}.Debug|Any CPU.Build.0 = Debug|Any CPU
		{69AA9076-4B06-4D6F-87C1-8418566D7B0D}.Release|Any CPU.ActiveCfg = Release|Any CPU
		{69AA9076-4B06-4D6F-87C1-8418566D7B0D}.Release|Any CPU.Build.0 = Release|Any CPU
	EndGlobalSection
	GlobalSection(SolutionProperties) = preSolution
		HideSolutionNode = FALSE
	EndGlobalSection
	GlobalSection(ExtensibilityGlobals) = postSolution
		SolutionGuid = {92147F4E-3CEA-48F7-8945-B0B9B1B79A74}
	EndGlobalSection
EndGlobal
