
Microsoft Visual Studio Solution File, Format Version 12.00
# Visual Studio Version 17
VisualStudioVersion = 17.5.33424.131
MinimumVisualStudioVersion = 10.0.40219.1
Project("{FAE04EC0-301F-11D3-BF4B-00C04F79EFBC}") = "HarmadikBead", "HarmadikBead\HarmadikBead.csproj", "{8ADEA17F-ACC3-4BDB-A313-903077863A42}"
EndProject
Global
	GlobalSection(SolutionConfigurationPlatforms) = preSolution
		Debug|Any CPU = Debug|Any CPU
		Release|Any CPU = Release|Any CPU
	EndGlobalSection
	GlobalSection(ProjectConfigurationPlatforms) = postSolution
		{8ADEA17F-ACC3-4BDB-A313-903077863A42}.Debug|Any CPU.ActiveCfg = Debug|Any CPU
		{8ADEA17F-ACC3-4BDB-A313-903077863A42}.Debug|Any CPU.Build.0 = Debug|Any CPU
		{8ADEA17F-ACC3-4BDB-A313-903077863A42}.Release|Any CPU.ActiveCfg = Release|Any CPU
		{8ADEA17F-ACC3-4BDB-A313-903077863A42}.Release|Any CPU.Build.0 = Release|Any CPU
	EndGlobalSection
	GlobalSection(SolutionProperties) = preSolution
		HideSolutionNode = FALSE
	EndGlobalSection
	GlobalSection(ExtensibilityGlobals) = postSolution
		SolutionGuid = {7E81DF96-0AD4-4945-9C11-4CFD524EB0A0}
	EndGlobalSection
EndGlobal
