
Microsoft Visual Studio Solution File, Format Version 12.00
# Visual Studio Version 17
VisualStudioVersion = 17.9.34607.119
MinimumVisualStudioVersion = 10.0.40219.1
Project("{FAE04EC0-301F-11D3-BF4B-00C04F79EFBC}") = "Nagybeadando", "Nagybeadando\Nagybeadando.csproj", "{4C360FB6-4742-45EC-9D48-CDCB4126A890}"
EndProject
Global
	GlobalSection(SolutionConfigurationPlatforms) = preSolution
		Debug|Any CPU = Debug|Any CPU
		Release|Any CPU = Release|Any CPU
	EndGlobalSection
	GlobalSection(ProjectConfigurationPlatforms) = postSolution
		{4C360FB6-4742-45EC-9D48-CDCB4126A890}.Debug|Any CPU.ActiveCfg = Debug|Any CPU
		{4C360FB6-4742-45EC-9D48-CDCB4126A890}.Debug|Any CPU.Build.0 = Debug|Any CPU
		{4C360FB6-4742-45EC-9D48-CDCB4126A890}.Release|Any CPU.ActiveCfg = Release|Any CPU
		{4C360FB6-4742-45EC-9D48-CDCB4126A890}.Release|Any CPU.Build.0 = Release|Any CPU
	EndGlobalSection
	GlobalSection(SolutionProperties) = preSolution
		HideSolutionNode = FALSE
	EndGlobalSection
	GlobalSection(ExtensibilityGlobals) = postSolution
		SolutionGuid = {879811E2-A484-4574-8251-3B3295C44DA0}
	EndGlobalSection
EndGlobal
